
Microsoft Visual Studio Solution File, Format Version 12.00
# Visual Studio Version 16
VisualStudioVersion = 16.0.29326.143
MinimumVisualStudioVersion = 10.0.40219.1
Project("{FAE04EC0-301F-11D3-BF4B-00C04F79EFBC}") = "Open-Lab-01.3", "Open-Lab-01.3\Open-Lab-01.3.csproj", "{A5CC347B-2981-43C4-BCBE-98D03F998D32}"
EndProject
Global
	GlobalSection(SolutionConfigurationPlatforms) = preSolution
		Debug|Any CPU = Debug|Any CPU
		Release|Any CPU = Release|Any CPU
	EndGlobalSection
	GlobalSection(ProjectConfigurationPlatforms) = postSolution
		{A5CC347B-2981-43C4-BCBE-98D03F998D32}.Debug|Any CPU.ActiveCfg = Debug|Any CPU
		{A5CC347B-2981-43C4-BCBE-98D03F998D32}.Debug|Any CPU.Build.0 = Debug|Any CPU
		{A5CC347B-2981-43C4-BCBE-98D03F998D32}.Release|Any CPU.ActiveCfg = Release|Any CPU
		{A5CC347B-2981-43C4-BCBE-98D03F998D32}.Release|Any CPU.Build.0 = Release|Any CPU
	EndGlobalSection
	GlobalSection(SolutionProperties) = preSolution
		HideSolutionNode = FALSE
	EndGlobalSection
	GlobalSection(ExtensibilityGlobals) = postSolution
		SolutionGuid = {BB665E72-E294-401E-BA52-B002EF1DF05A}
	EndGlobalSection
EndGlobal
